
Microsoft Visual Studio Solution File, Format Version 12.00
# Visual Studio Version 17
VisualStudioVersion = 17.11.35303.130
MinimumVisualStudioVersion = 10.0.40219.1
Project("{FAE04EC0-301F-11D3-BF4B-00C04F79EFBC}") = "MatrixMultiply", "MatrixMultiply\MatrixMultiply.csproj", "{377DB25B-8143-4A11-AE11-C8F4BE0237F2}"
EndProject
Global
	GlobalSection(SolutionConfigurationPlatforms) = preSolution
		Debug|Any CPU = Debug|Any CPU
		Release|Any CPU = Release|Any CPU
	EndGlobalSection
	GlobalSection(ProjectConfigurationPlatforms) = postSolution
		{377DB25B-8143-4A11-AE11-C8F4BE0237F2}.Debug|Any CPU.ActiveCfg = Debug|Any CPU
		{377DB25B-8143-4A11-AE11-C8F4BE0237F2}.Debug|Any CPU.Build.0 = Debug|Any CPU
		{377DB25B-8143-4A11-AE11-C8F4BE0237F2}.Release|Any CPU.ActiveCfg = Release|Any CPU
		{377DB25B-8143-4A11-AE11-C8F4BE0237F2}.Release|Any CPU.Build.0 = Release|Any CPU
	EndGlobalSection
	GlobalSection(SolutionProperties) = preSolution
		HideSolutionNode = FALSE
	EndGlobalSection
	GlobalSection(ExtensibilityGlobals) = postSolution
		SolutionGuid = {FC69A9ED-0B5B-4D94-A79D-3F0FEA501008}
	EndGlobalSection
EndGlobal
