
Microsoft Visual Studio Solution File, Format Version 12.00
# Visual Studio Version 17
VisualStudioVersion = 17.11.35303.130
MinimumVisualStudioVersion = 10.0.40219.1
Project("{FAE04EC0-301F-11D3-BF4B-00C04F79EFBC}") = "PointLine", "PointLine\PointLine.csproj", "{22A4F3D5-9CAA-42A5-A469-94D564DDEB4F}"
EndProject
Global
	GlobalSection(SolutionConfigurationPlatforms) = preSolution
		Debug|Any CPU = Debug|Any CPU
		Release|Any CPU = Release|Any CPU
	EndGlobalSection
	GlobalSection(ProjectConfigurationPlatforms) = postSolution
		{22A4F3D5-9CAA-42A5-A469-94D564DDEB4F}.Debug|Any CPU.ActiveCfg = Debug|Any CPU
		{22A4F3D5-9CAA-42A5-A469-94D564DDEB4F}.Debug|Any CPU.Build.0 = Debug|Any CPU
		{22A4F3D5-9CAA-42A5-A469-94D564DDEB4F}.Release|Any CPU.ActiveCfg = Release|Any CPU
		{22A4F3D5-9CAA-42A5-A469-94D564DDEB4F}.Release|Any CPU.Build.0 = Release|Any CPU
	EndGlobalSection
	GlobalSection(SolutionProperties) = preSolution
		HideSolutionNode = FALSE
	EndGlobalSection
	GlobalSection(ExtensibilityGlobals) = postSolution
		SolutionGuid = {B48D07DE-F0FB-4F49-9727-6FBEA3C43DE2}
	EndGlobalSection
EndGlobal
