
Microsoft Visual Studio Solution File, Format Version 12.00
# Visual Studio Version 17
VisualStudioVersion = 17.11.35303.130
MinimumVisualStudioVersion = 10.0.40219.1
Project("{FAE04EC0-301F-11D3-BF4B-00C04F79EFBC}") = "Progression", "Progression\Progression.csproj", "{3E33CBFC-823E-43C2-8327-630EBD678864}"
EndProject
Global
	GlobalSection(SolutionConfigurationPlatforms) = preSolution
		Debug|Any CPU = Debug|Any CPU
		Release|Any CPU = Release|Any CPU
	EndGlobalSection
	GlobalSection(ProjectConfigurationPlatforms) = postSolution
		{3E33CBFC-823E-43C2-8327-630EBD678864}.Debug|Any CPU.ActiveCfg = Debug|Any CPU
		{3E33CBFC-823E-43C2-8327-630EBD678864}.Debug|Any CPU.Build.0 = Debug|Any CPU
		{3E33CBFC-823E-43C2-8327-630EBD678864}.Release|Any CPU.ActiveCfg = Release|Any CPU
		{3E33CBFC-823E-43C2-8327-630EBD678864}.Release|Any CPU.Build.0 = Release|Any CPU
	EndGlobalSection
	GlobalSection(SolutionProperties) = preSolution
		HideSolutionNode = FALSE
	EndGlobalSection
	GlobalSection(ExtensibilityGlobals) = postSolution
		SolutionGuid = {9E6919A8-AA7B-4EDC-9AE1-2528EB6BB941}
	EndGlobalSection
EndGlobal
