
Microsoft Visual Studio Solution File, Format Version 12.00
# Visual Studio Version 17
VisualStudioVersion = 17.11.35303.130
MinimumVisualStudioVersion = 10.0.40219.1
Project("{FAE04EC0-301F-11D3-BF4B-00C04F79EFBC}") = "DiceEvent", "DiceEvent\DiceEvent.csproj", "{6A19D1C9-A5D7-436C-8BF4-30C85AC70630}"
EndProject
Global
	GlobalSection(SolutionConfigurationPlatforms) = preSolution
		Debug|Any CPU = Debug|Any CPU
		Release|Any CPU = Release|Any CPU
	EndGlobalSection
	GlobalSection(ProjectConfigurationPlatforms) = postSolution
		{6A19D1C9-A5D7-436C-8BF4-30C85AC70630}.Debug|Any CPU.ActiveCfg = Debug|Any CPU
		{6A19D1C9-A5D7-436C-8BF4-30C85AC70630}.Debug|Any CPU.Build.0 = Debug|Any CPU
		{6A19D1C9-A5D7-436C-8BF4-30C85AC70630}.Release|Any CPU.ActiveCfg = Release|Any CPU
		{6A19D1C9-A5D7-436C-8BF4-30C85AC70630}.Release|Any CPU.Build.0 = Release|Any CPU
	EndGlobalSection
	GlobalSection(SolutionProperties) = preSolution
		HideSolutionNode = FALSE
	EndGlobalSection
	GlobalSection(ExtensibilityGlobals) = postSolution
		SolutionGuid = {20CC5AE8-8F73-4857-96FC-305792D4EE1B}
	EndGlobalSection
EndGlobal
