
Microsoft Visual Studio Solution File, Format Version 12.00
# Visual Studio Version 17
VisualStudioVersion = 17.11.35303.130
MinimumVisualStudioVersion = 10.0.40219.1
Project("{FAE04EC0-301F-11D3-BF4B-00C04F79EFBC}") = "Book2", "Book2\Book2.csproj", "{CBB2A9B8-E124-4415-B712-EE6780079943}"
EndProject
Global
	GlobalSection(SolutionConfigurationPlatforms) = preSolution
		Debug|Any CPU = Debug|Any CPU
		Release|Any CPU = Release|Any CPU
	EndGlobalSection
	GlobalSection(ProjectConfigurationPlatforms) = postSolution
		{CBB2A9B8-E124-4415-B712-EE6780079943}.Debug|Any CPU.ActiveCfg = Debug|Any CPU
		{CBB2A9B8-E124-4415-B712-EE6780079943}.Debug|Any CPU.Build.0 = Debug|Any CPU
		{CBB2A9B8-E124-4415-B712-EE6780079943}.Release|Any CPU.ActiveCfg = Release|Any CPU
		{CBB2A9B8-E124-4415-B712-EE6780079943}.Release|Any CPU.Build.0 = Release|Any CPU
	EndGlobalSection
	GlobalSection(SolutionProperties) = preSolution
		HideSolutionNode = FALSE
	EndGlobalSection
	GlobalSection(ExtensibilityGlobals) = postSolution
		SolutionGuid = {088037EC-C4EF-43ED-8261-BC58F145C6C4}
	EndGlobalSection
EndGlobal
