
Microsoft Visual Studio Solution File, Format Version 12.00
# Visual Studio Version 17
VisualStudioVersion = 17.11.35303.130
MinimumVisualStudioVersion = 10.0.40219.1
Project("{FAE04EC0-301F-11D3-BF4B-00C04F79EFBC}") = "Divider", "Divider\Divider.csproj", "{84A67483-3A06-4081-85BF-22E826E71482}"
EndProject
Global
	GlobalSection(SolutionConfigurationPlatforms) = preSolution
		Debug|Any CPU = Debug|Any CPU
		Release|Any CPU = Release|Any CPU
	EndGlobalSection
	GlobalSection(ProjectConfigurationPlatforms) = postSolution
		{84A67483-3A06-4081-85BF-22E826E71482}.Debug|Any CPU.ActiveCfg = Debug|Any CPU
		{84A67483-3A06-4081-85BF-22E826E71482}.Debug|Any CPU.Build.0 = Debug|Any CPU
		{84A67483-3A06-4081-85BF-22E826E71482}.Release|Any CPU.ActiveCfg = Release|Any CPU
		{84A67483-3A06-4081-85BF-22E826E71482}.Release|Any CPU.Build.0 = Release|Any CPU
	EndGlobalSection
	GlobalSection(SolutionProperties) = preSolution
		HideSolutionNode = FALSE
	EndGlobalSection
	GlobalSection(ExtensibilityGlobals) = postSolution
		SolutionGuid = {EF8D8EB4-1EAF-4452-9FCE-73E336B8C76A}
	EndGlobalSection
EndGlobal
