
Microsoft Visual Studio Solution File, Format Version 12.00
# Visual Studio Version 17
VisualStudioVersion = 17.11.35303.130
MinimumVisualStudioVersion = 10.0.40219.1
Project("{FAE04EC0-301F-11D3-BF4B-00C04F79EFBC}") = "Hashing", "Hashing.csproj", "{302FB71E-24B4-4585-9F7E-78F401861BE2}"
EndProject
Global
	GlobalSection(SolutionConfigurationPlatforms) = preSolution
		Debug|Any CPU = Debug|Any CPU
		Release|Any CPU = Release|Any CPU
	EndGlobalSection
	GlobalSection(ProjectConfigurationPlatforms) = postSolution
		{302FB71E-24B4-4585-9F7E-78F401861BE2}.Debug|Any CPU.ActiveCfg = Debug|Any CPU
		{302FB71E-24B4-4585-9F7E-78F401861BE2}.Debug|Any CPU.Build.0 = Debug|Any CPU
		{302FB71E-24B4-4585-9F7E-78F401861BE2}.Release|Any CPU.ActiveCfg = Release|Any CPU
		{302FB71E-24B4-4585-9F7E-78F401861BE2}.Release|Any CPU.Build.0 = Release|Any CPU
	EndGlobalSection
	GlobalSection(SolutionProperties) = preSolution
		HideSolutionNode = FALSE
	EndGlobalSection
	GlobalSection(ExtensibilityGlobals) = postSolution
		SolutionGuid = {D587C57F-1A10-42AE-BDA3-F75BFF0DE58D}
	EndGlobalSection
EndGlobal
