
Microsoft Visual Studio Solution File, Format Version 12.00
# Visual Studio Version 17
VisualStudioVersion = 17.11.35303.130
MinimumVisualStudioVersion = 10.0.40219.1
Project("{FAE04EC0-301F-11D3-BF4B-00C04F79EFBC}") = "ClassTriangle", "ClassTriangle\ClassTriangle.csproj", "{08F4F367-FCA6-43A1-8665-BCD532F496BA}"
EndProject
Global
	GlobalSection(SolutionConfigurationPlatforms) = preSolution
		Debug|Any CPU = Debug|Any CPU
		Release|Any CPU = Release|Any CPU
	EndGlobalSection
	GlobalSection(ProjectConfigurationPlatforms) = postSolution
		{08F4F367-FCA6-43A1-8665-BCD532F496BA}.Debug|Any CPU.ActiveCfg = Debug|Any CPU
		{08F4F367-FCA6-43A1-8665-BCD532F496BA}.Debug|Any CPU.Build.0 = Debug|Any CPU
		{08F4F367-FCA6-43A1-8665-BCD532F496BA}.Release|Any CPU.ActiveCfg = Release|Any CPU
		{08F4F367-FCA6-43A1-8665-BCD532F496BA}.Release|Any CPU.Build.0 = Release|Any CPU
	EndGlobalSection
	GlobalSection(SolutionProperties) = preSolution
		HideSolutionNode = FALSE
	EndGlobalSection
	GlobalSection(ExtensibilityGlobals) = postSolution
		SolutionGuid = {16CD2CD4-24A1-4E0B-AF92-626BA678AC66}
	EndGlobalSection
EndGlobal
