
Microsoft Visual Studio Solution File, Format Version 12.00
# Visual Studio Version 17
VisualStudioVersion = 17.11.35303.130
MinimumVisualStudioVersion = 10.0.40219.1
Project("{FAE04EC0-301F-11D3-BF4B-00C04F79EFBC}") = "Cycle2", "Cycle2\Cycle2.csproj", "{421D81B0-9308-410A-8089-72FD0B3D7D58}"
EndProject
Global
	GlobalSection(SolutionConfigurationPlatforms) = preSolution
		Debug|Any CPU = Debug|Any CPU
		Release|Any CPU = Release|Any CPU
	EndGlobalSection
	GlobalSection(ProjectConfigurationPlatforms) = postSolution
		{421D81B0-9308-410A-8089-72FD0B3D7D58}.Debug|Any CPU.ActiveCfg = Debug|Any CPU
		{421D81B0-9308-410A-8089-72FD0B3D7D58}.Debug|Any CPU.Build.0 = Debug|Any CPU
		{421D81B0-9308-410A-8089-72FD0B3D7D58}.Release|Any CPU.ActiveCfg = Release|Any CPU
		{421D81B0-9308-410A-8089-72FD0B3D7D58}.Release|Any CPU.Build.0 = Release|Any CPU
	EndGlobalSection
	GlobalSection(SolutionProperties) = preSolution
		HideSolutionNode = FALSE
	EndGlobalSection
	GlobalSection(ExtensibilityGlobals) = postSolution
		SolutionGuid = {1E62E4DF-8074-4E93-96E6-6FCD14803005}
	EndGlobalSection
EndGlobal
